// !$*UTF8*$!
{
	archiveVersion = 1;
	classes = {
	};
	objectVersion = 50;
	objects = {

/* Begin PBXBuildFile section */
		5E8862BE958417C02B94D244 /* Pods_FluxPatternExample.framework in Frameworks */ = {isa = PBXBuildFile; fileRef = 86366A3FB2F7D360464B5D13 /* Pods_FluxPatternExample.framework */; };
		6D209AD32159DD8E00F7D4D4 /* AppDelegate.swift in Sources */ = {isa = PBXBuildFile; fileRef = 6D209AD22159DD8E00F7D4D4 /* AppDelegate.swift */; };
		6D209AD82159DD8E00F7D4D4 /* Main.storyboard in Resources */ = {isa = PBXBuildFile; fileRef = 6D209AD62159DD8E00F7D4D4 /* Main.storyboard */; };
		6D209ADA2159DD8F00F7D4D4 /* Assets.xcassets in Resources */ = {isa = PBXBuildFile; fileRef = 6D209AD92159DD8F00F7D4D4 /* Assets.xcassets */; };
		6D209ADD2159DD8F00F7D4D4 /* LaunchScreen.storyboard in Resources */ = {isa = PBXBuildFile; fileRef = 6D209ADB2159DD8F00F7D4D4 /* LaunchScreen.storyboard */; };
		6D209AE52159DE4900F7D4D4 /* ShopListViewController.swift in Sources */ = {isa = PBXBuildFile; fileRef = 6D209AE42159DE4900F7D4D4 /* ShopListViewController.swift */; };
		6D209AE72159DE5300F7D4D4 /* ShopSearchViewController.swift in Sources */ = {isa = PBXBuildFile; fileRef = 6D209AE62159DE5300F7D4D4 /* ShopSearchViewController.swift */; };
		6D209AE92159DE6600F7D4D4 /* ShopListViewModel.swift in Sources */ = {isa = PBXBuildFile; fileRef = 6D209AE82159DE6500F7D4D4 /* ShopListViewModel.swift */; };
		6D209AEB2159DE6F00F7D4D4 /* ShopSearchViewModel.swift in Sources */ = {isa = PBXBuildFile; fileRef = 6D209AEA2159DE6F00F7D4D4 /* ShopSearchViewModel.swift */; };
		6D209AED2159DEA100F7D4D4 /* ViewControllerBuilder.swift in Sources */ = {isa = PBXBuildFile; fileRef = 6D209AEC2159DEA100F7D4D4 /* ViewControllerBuilder.swift */; };
		6D209AEF2159E09400F7D4D4 /* BaseViewController.swift in Sources */ = {isa = PBXBuildFile; fileRef = 6D209AEE2159E09300F7D4D4 /* BaseViewController.swift */; };
		6D209AF42159E58D00F7D4D4 /* Dispatcher.swift in Sources */ = {isa = PBXBuildFile; fileRef = 6D209AF32159E58D00F7D4D4 /* Dispatcher.swift */; };
		6D209AF62159E5BB00F7D4D4 /* Action.swift in Sources */ = {isa = PBXBuildFile; fileRef = 6D209AF52159E5BB00F7D4D4 /* Action.swift */; };
		6D209AF82159E65B00F7D4D4 /* ShopSearchActions.swift in Sources */ = {isa = PBXBuildFile; fileRef = 6D209AF72159E65B00F7D4D4 /* ShopSearchActions.swift */; };
		6D209AFA2159E72A00F7D4D4 /* ActionCreator.swift in Sources */ = {isa = PBXBuildFile; fileRef = 6D209AF92159E72A00F7D4D4 /* ActionCreator.swift */; };
		6D209AFC2159E76F00F7D4D4 /* ShopSearchActionCreator.swift in Sources */ = {isa = PBXBuildFile; fileRef = 6D209AFB2159E76F00F7D4D4 /* ShopSearchActionCreator.swift */; };
		6D209AFF2159E8A600F7D4D4 /* Store.swift in Sources */ = {isa = PBXBuildFile; fileRef = 6D209AFE2159E8A600F7D4D4 /* Store.swift */; };
		6D209B012159E8D700F7D4D4 /* ShopSearchStore.swift in Sources */ = {isa = PBXBuildFile; fileRef = 6D209B002159E8D700F7D4D4 /* ShopSearchStore.swift */; };
/* End PBXBuildFile section */

/* Begin PBXFileReference section */
		4C369B084A55A491E7BA107D /* Pods-FluxPatternExample.release.xcconfig */ = {isa = PBXFileReference; includeInIndex = 1; lastKnownFileType = text.xcconfig; name = "Pods-FluxPatternExample.release.xcconfig"; path = "Pods/Target Support Files/Pods-FluxPatternExample/Pods-FluxPatternExample.release.xcconfig"; sourceTree = "<group>"; };
		6D209ACF2159DD8E00F7D4D4 /* FluxPatternExample.app */ = {isa = PBXFileReference; explicitFileType = wrapper.application; includeInIndex = 0; path = FluxPatternExample.app; sourceTree = BUILT_PRODUCTS_DIR; };
		6D209AD22159DD8E00F7D4D4 /* AppDelegate.swift */ = {isa = PBXFileReference; lastKnownFileType = sourcecode.swift; path = AppDelegate.swift; sourceTree = "<group>"; };
		6D209AD72159DD8E00F7D4D4 /* Base */ = {isa = PBXFileReference; lastKnownFileType = file.storyboard; name = Base; path = Base.lproj/Main.storyboard; sourceTree = "<group>"; };
		6D209AD92159DD8F00F7D4D4 /* Assets.xcassets */ = {isa = PBXFileReference; lastKnownFileType = folder.assetcatalog; path = Assets.xcassets; sourceTree = "<group>"; };
		6D209ADC2159DD8F00F7D4D4 /* Base */ = {isa = PBXFileReference; lastKnownFileType = file.storyboard; name = Base; path = Base.lproj/LaunchScreen.storyboard; sourceTree = "<group>"; };
		6D209ADE2159DD8F00F7D4D4 /* Info.plist */ = {isa = PBXFileReference; lastKnownFileType = text.plist.xml; path = Info.plist; sourceTree = "<group>"; };
		6D209AE42159DE4900F7D4D4 /* ShopListViewController.swift */ = {isa = PBXFileReference; lastKnownFileType = sourcecode.swift; path = ShopListViewController.swift; sourceTree = "<group>"; };
		6D209AE62159DE5300F7D4D4 /* ShopSearchViewController.swift */ = {isa = PBXFileReference; lastKnownFileType = sourcecode.swift; path = ShopSearchViewController.swift; sourceTree = "<group>"; };
		6D209AE82159DE6500F7D4D4 /* ShopListViewModel.swift */ = {isa = PBXFileReference; lastKnownFileType = sourcecode.swift; path = ShopListViewModel.swift; sourceTree = "<group>"; };
		6D209AEA2159DE6F00F7D4D4 /* ShopSearchViewModel.swift */ = {isa = PBXFileReference; lastKnownFileType = sourcecode.swift; path = ShopSearchViewModel.swift; sourceTree = "<group>"; };
		6D209AEC2159DEA100F7D4D4 /* ViewControllerBuilder.swift */ = {isa = PBXFileReference; lastKnownFileType = sourcecode.swift; path = ViewControllerBuilder.swift; sourceTree = "<group>"; };
		6D209AEE2159E09300F7D4D4 /* BaseViewController.swift */ = {isa = PBXFileReference; lastKnownFileType = sourcecode.swift; path = BaseViewController.swift; sourceTree = "<group>"; };
		6D209AF32159E58D00F7D4D4 /* Dispatcher.swift */ = {isa = PBXFileReference; lastKnownFileType = sourcecode.swift; path = Dispatcher.swift; sourceTree = "<group>"; };
		6D209AF52159E5BB00F7D4D4 /* Action.swift */ = {isa = PBXFileReference; lastKnownFileType = sourcecode.swift; path = Action.swift; sourceTree = "<group>"; };
		6D209AF72159E65B00F7D4D4 /* ShopSearchActions.swift */ = {isa = PBXFileReference; lastKnownFileType = sourcecode.swift; path = ShopSearchActions.swift; sourceTree = "<group>"; };
		6D209AF92159E72A00F7D4D4 /* ActionCreator.swift */ = {isa = PBXFileReference; lastKnownFileType = sourcecode.swift; path = ActionCreator.swift; sourceTree = "<group>"; };
		6D209AFB2159E76F00F7D4D4 /* ShopSearchActionCreator.swift */ = {isa = PBXFileReference; lastKnownFileType = sourcecode.swift; path = ShopSearchActionCreator.swift; sourceTree = "<group>"; };
		6D209AFE2159E8A600F7D4D4 /* Store.swift */ = {isa = PBXFileReference; lastKnownFileType = sourcecode.swift; path = Store.swift; sourceTree = "<group>"; };
		6D209B002159E8D700F7D4D4 /* ShopSearchStore.swift */ = {isa = PBXFileReference; lastKnownFileType = sourcecode.swift; path = ShopSearchStore.swift; sourceTree = "<group>"; };
		86366A3FB2F7D360464B5D13 /* Pods_FluxPatternExample.framework */ = {isa = PBXFileReference; explicitFileType = wrapper.framework; includeInIndex = 0; path = Pods_FluxPatternExample.framework; sourceTree = BUILT_PRODUCTS_DIR; };
		A2300466B19118FEB9B3F66E /* Pods-FluxPatternExample.debug.xcconfig */ = {isa = PBXFileReference; includeInIndex = 1; lastKnownFileType = text.xcconfig; name = "Pods-FluxPatternExample.debug.xcconfig"; path = "Pods/Target Support Files/Pods-FluxPatternExample/Pods-FluxPatternExample.debug.xcconfig"; sourceTree = "<group>"; };
/* End PBXFileReference section */

/* Begin PBXFrameworksBuildPhase section */
		6D209ACC2159DD8E00F7D4D4 /* Frameworks */ = {
			isa = PBXFrameworksBuildPhase;
			buildActionMask = 2147483647;
			files = (
				5E8862BE958417C02B94D244 /* Pods_FluxPatternExample.framework in Frameworks */,
			);
			runOnlyForDeploymentPostprocessing = 0;
		};
/* End PBXFrameworksBuildPhase section */

/* Begin PBXGroup section */
		42263AE4BA71E2310942104C /* Frameworks */ = {
			isa = PBXGroup;
			children = (
				86366A3FB2F7D360464B5D13 /* Pods_FluxPatternExample.framework */,
			);
			name = Frameworks;
			sourceTree = "<group>";
		};
		6D209AC62159DD8E00F7D4D4 = {
			isa = PBXGroup;
			children = (
				6D209AD12159DD8E00F7D4D4 /* FluxPatternExample */,
				6D209AD02159DD8E00F7D4D4 /* Products */,
				A192F7407F72AB683D7F0FA9 /* Pods */,
				42263AE4BA71E2310942104C /* Frameworks */,
			);
			sourceTree = "<group>";
		};
		6D209AD02159DD8E00F7D4D4 /* Products */ = {
			isa = PBXGroup;
			children = (
				6D209ACF2159DD8E00F7D4D4 /* FluxPatternExample.app */,
			);
			name = Products;
			sourceTree = "<group>";
		};
		6D209AD12159DD8E00F7D4D4 /* FluxPatternExample */ = {
			isa = PBXGroup;
			children = (
				6D209AD22159DD8E00F7D4D4 /* AppDelegate.swift */,
				6D209AEE2159E09300F7D4D4 /* BaseViewController.swift */,
				6D209AEC2159DEA100F7D4D4 /* ViewControllerBuilder.swift */,
				6D209AF22159E19400F7D4D4 /* Flux */,
				6D209AF02159E15E00F7D4D4 /* View */,
				6D209AF12159E16500F7D4D4 /* ViewModel */,
				6D209AD62159DD8E00F7D4D4 /* Main.storyboard */,
				6D209AD92159DD8F00F7D4D4 /* Assets.xcassets */,
				6D209ADB2159DD8F00F7D4D4 /* LaunchScreen.storyboard */,
				6D209ADE2159DD8F00F7D4D4 /* Info.plist */,
			);
			path = FluxPatternExample;
			sourceTree = "<group>";
		};
		6D209AF02159E15E00F7D4D4 /* View */ = {
			isa = PBXGroup;
			children = (
				6D209AE42159DE4900F7D4D4 /* ShopListViewController.swift */,
				6D209AE62159DE5300F7D4D4 /* ShopSearchViewController.swift */,
			);
			path = View;
			sourceTree = "<group>";
		};
		6D209AF12159E16500F7D4D4 /* ViewModel */ = {
			isa = PBXGroup;
			children = (
				6D209AE82159DE6500F7D4D4 /* ShopListViewModel.swift */,
				6D209AEA2159DE6F00F7D4D4 /* ShopSearchViewModel.swift */,
			);
			path = ViewModel;
			sourceTree = "<group>";
		};
		6D209AF22159E19400F7D4D4 /* Flux */ = {
			isa = PBXGroup;
			children = (
				6D209AFD2159E78300F7D4D4 /* Core */,
				6D209AF72159E65B00F7D4D4 /* ShopSearchActions.swift */,
				6D209AFB2159E76F00F7D4D4 /* ShopSearchActionCreator.swift */,
				6D209B002159E8D700F7D4D4 /* ShopSearchStore.swift */,
			);
			path = Flux;
			sourceTree = "<group>";
		};
		6D209AFD2159E78300F7D4D4 /* Core */ = {
			isa = PBXGroup;
			children = (
				6D209AF32159E58D00F7D4D4 /* Dispatcher.swift */,
				6D209AF52159E5BB00F7D4D4 /* Action.swift */,
				6D209AF92159E72A00F7D4D4 /* ActionCreator.swift */,
				6D209AFE2159E8A600F7D4D4 /* Store.swift */,
			);
			path = Core;
			sourceTree = "<group>";
		};
		A192F7407F72AB683D7F0FA9 /* Pods */ = {
			isa = PBXGroup;
			children = (
				A2300466B19118FEB9B3F66E /* Pods-FluxPatternExample.debug.xcconfig */,
				4C369B084A55A491E7BA107D /* Pods-FluxPatternExample.release.xcconfig */,
			);
			name = Pods;
			sourceTree = "<group>";
		};
/* End PBXGroup section */

/* Begin PBXNativeTarget section */
		6D209ACE2159DD8E00F7D4D4 /* FluxPatternExample */ = {
			isa = PBXNativeTarget;
			buildConfigurationList = 6D209AE12159DD8F00F7D4D4 /* Build configuration list for PBXNativeTarget "FluxPatternExample" */;
			buildPhases = (
				AC288474C8232ABC1396FCE1 /* [CP] Check Pods Manifest.lock */,
				6D209ACB2159DD8E00F7D4D4 /* Sources */,
				6D209ACC2159DD8E00F7D4D4 /* Frameworks */,
				6D209ACD2159DD8E00F7D4D4 /* Resources */,
				5DF9464541DA32221FA09960 /* [CP] Embed Pods Frameworks */,
			);
			buildRules = (
			);
			dependencies = (
			);
			name = FluxPatternExample;
			productName = FluxPatternExample;
			productReference = 6D209ACF2159DD8E00F7D4D4 /* FluxPatternExample.app */;
			productType = "com.apple.product-type.application";
		};
/* End PBXNativeTarget section */

/* Begin PBXProject section */
		6D209AC72159DD8E00F7D4D4 /* Project object */ = {
			isa = PBXProject;
			attributes = {
				LastSwiftUpdateCheck = 1000;
				LastUpgradeCheck = 1000;
				ORGANIZATIONNAME = "Takehiro Kaneko";
				TargetAttributes = {
					6D209ACE2159DD8E00F7D4D4 = {
						CreatedOnToolsVersion = 10.0;
					};
				};
			};
			buildConfigurationList = 6D209ACA2159DD8E00F7D4D4 /* Build configuration list for PBXProject "FluxPatternExample" */;
			compatibilityVersion = "Xcode 9.3";
			developmentRegion = en;
			hasScannedForEncodings = 0;
			knownRegions = (
				en,
				Base,
			);
			mainGroup = 6D209AC62159DD8E00F7D4D4;
			productRefGroup = 6D209AD02159DD8E00F7D4D4 /* Products */;
			projectDirPath = "";
			projectRoot = "";
			targets = (
				6D209ACE2159DD8E00F7D4D4 /* FluxPatternExample */,
			);
		};
/* End PBXProject section */

/* Begin PBXResourcesBuildPhase section */
		6D209ACD2159DD8E00F7D4D4 /* Resources */ = {
			isa = PBXResourcesBuildPhase;
			buildActionMask = 2147483647;
			files = (
				6D209ADD2159DD8F00F7D4D4 /* LaunchScreen.storyboard in Resources */,
				6D209ADA2159DD8F00F7D4D4 /* Assets.xcassets in Resources */,
				6D209AD82159DD8E00F7D4D4 /* Main.storyboard in Resources */,
			);
			runOnlyForDeploymentPostprocessing = 0;
		};
/* End PBXResourcesBuildPhase section */

/* Begin PBXShellScriptBuildPhase section */
		5DF9464541DA32221FA09960 /* [CP] Embed Pods Frameworks */ = {
			isa = PBXShellScriptBuildPhase;
			buildActionMask = 2147483647;
			files = (
			);
			inputFileListPaths = (
			);
			inputPaths = (
				"${SRCROOT}/Pods/Target Support Files/Pods-FluxPatternExample/Pods-FluxPatternExample-frameworks.sh",
				"${BUILT_PRODUCTS_DIR}/RxCocoa/RxCocoa.framework",
				"${BUILT_PRODUCTS_DIR}/RxSwift/RxSwift.framework",
			);
			name = "[CP] Embed Pods Frameworks";
			outputFileListPaths = (
			);
			outputPaths = (
				"${TARGET_BUILD_DIR}/${FRAMEWORKS_FOLDER_PATH}/RxCocoa.framework",
				"${TARGET_BUILD_DIR}/${FRAMEWORKS_FOLDER_PATH}/RxSwift.framework",
			);
			runOnlyForDeploymentPostprocessing = 0;
			shellPath = /bin/sh;
			shellScript = "\"${SRCROOT}/Pods/Target Support Files/Pods-FluxPatternExample/Pods-FluxPatternExample-frameworks.sh\"\n";
			showEnvVarsInLog = 0;
		};
		AC288474C8232ABC1396FCE1 /* [CP] Check Pods Manifest.lock */ = {
			isa = PBXShellScriptBuildPhase;
			buildActionMask = 2147483647;
			files = (
			);
			inputFileListPaths = (
			);
			inputPaths = (
				"${PODS_PODFILE_DIR_PATH}/Podfile.lock",
				"${PODS_ROOT}/Manifest.lock",
			);
			name = "[CP] Check Pods Manifest.lock";
			outputFileListPaths = (
			);
			outputPaths = (
				"$(DERIVED_FILE_DIR)/Pods-FluxPatternExample-checkManifestLockResult.txt",
			);
			runOnlyForDeploymentPostprocessing = 0;
			shellPath = /bin/sh;
			shellScript = "diff \"${PODS_PODFILE_DIR_PATH}/Podfile.lock\" \"${PODS_ROOT}/Manifest.lock\" > /dev/null\nif [ $? != 0 ] ; then\n    # print error to STDERR\n    echo \"error: The sandbox is not in sync with the Podfile.lock. Run 'pod install' or update your CocoaPods installation.\" >&2\n    exit 1\nfi\n# This output is used by Xcode 'outputs' to avoid re-running this script phase.\necho \"SUCCESS\" > \"${SCRIPT_OUTPUT_FILE_0}\"\n";
			showEnvVarsInLog = 0;
		};
/* End PBXShellScriptBuildPhase section */

/* Begin PBXSourcesBuildPhase section */
		6D209ACB2159DD8E00F7D4D4 /* Sources */ = {
			isa = PBXSourcesBuildPhase;
			buildActionMask = 2147483647;
			files = (
				6D209AED2159DEA100F7D4D4 /* ViewControllerBuilder.swift in Sources */,
				6D209AF62159E5BB00F7D4D4 /* Action.swift in Sources */,
				6D209AE92159DE6600F7D4D4 /* ShopListViewModel.swift in Sources */,
				6D209AF42159E58D00F7D4D4 /* Dispatcher.swift in Sources */,
				6D209AFA2159E72A00F7D4D4 /* ActionCreator.swift in Sources */,
				6D209AE72159DE5300F7D4D4 /* ShopSearchViewController.swift in Sources */,
				6D209AEB2159DE6F00F7D4D4 /* ShopSearchViewModel.swift in Sources */,
				6D209AFF2159E8A600F7D4D4 /* Store.swift in Sources */,
				6D209AF82159E65B00F7D4D4 /* ShopSearchActions.swift in Sources */,
				6D209AEF2159E09400F7D4D4 /* BaseViewController.swift in Sources */,
				6D209B012159E8D700F7D4D4 /* ShopSearchStore.swift in Sources */,
				6D209AD32159DD8E00F7D4D4 /* AppDelegate.swift in Sources */,
				6D209AFC2159E76F00F7D4D4 /* ShopSearchActionCreator.swift in Sources */,
				6D209AE52159DE4900F7D4D4 /* ShopListViewController.swift in Sources */,
			);
			runOnlyForDeploymentPostprocessing = 0;
		};
/* End PBXSourcesBuildPhase section */

/* Begin PBXVariantGroup section */
		6D209AD62159DD8E00F7D4D4 /* Main.storyboard */ = {
			isa = PBXVariantGroup;
			children = (
				6D209AD72159DD8E00F7D4D4 /* Base */,
			);
			name = Main.storyboard;
			sourceTree = "<group>";
		};
		6D209ADB2159DD8F00F7D4D4 /* LaunchScreen.storyboard */ = {
			isa = PBXVariantGroup;
			children = (
				6D209ADC2159DD8F00F7D4D4 /* Base */,
			);
			name = LaunchScreen.storyboard;
			sourceTree = "<group>";
		};
/* End PBXVariantGroup section */

/* Begin XCBuildConfiguration section */
		6D209ADF2159DD8F00F7D4D4 /* Debug */ = {
			isa = XCBuildConfiguration;
			buildSettings = {
				ALWAYS_SEARCH_USER_PATHS = NO;
				CLANG_ANALYZER_NONNULL = YES;
				CLANG_ANALYZER_NUMBER_OBJECT_CONVERSION = YES_AGGRESSIVE;
				CLANG_CXX_LANGUAGE_STANDARD = "gnu++14";
				CLANG_CXX_LIBRARY = "libc++";
				CLANG_ENABLE_MODULES = YES;
				CLANG_ENABLE_OBJC_ARC = YES;
				CLANG_ENABLE_OBJC_WEAK = YES;
				CLANG_WARN_BLOCK_CAPTURE_AUTORELEASING = YES;
				CLANG_WARN_BOOL_CONVERSION = YES;
				CLANG_WARN_COMMA = YES;
				CLANG_WARN_CONSTANT_CONVERSION = YES;
				CLANG_WARN_DEPRECATED_OBJC_IMPLEMENTATIONS = YES;
				CLANG_WARN_DIRECT_OBJC_ISA_USAGE = YES_ERROR;
				CLANG_WARN_DOCUMENTATION_COMMENTS = YES;
				CLANG_WARN_EMPTY_BODY = YES;
				CLANG_WARN_ENUM_CONVERSION = YES;
				CLANG_WARN_INFINITE_RECURSION = YES;
				CLANG_WARN_INT_CONVERSION = YES;
				CLANG_WARN_NON_LITERAL_NULL_CONVERSION = YES;
				CLANG_WARN_OBJC_IMPLICIT_RETAIN_SELF = YES;
				CLANG_WARN_OBJC_LITERAL_CONVERSION = YES;
				CLANG_WARN_OBJC_ROOT_CLASS = YES_ERROR;
				CLANG_WARN_RANGE_LOOP_ANALYSIS = YES;
				CLANG_WARN_STRICT_PROTOTYPES = YES;
				CLANG_WARN_SUSPICIOUS_MOVE = YES;
				CLANG_WARN_UNGUARDED_AVAILABILITY = YES_AGGRESSIVE;
				CLANG_WARN_UNREACHABLE_CODE = YES;
				CLANG_WARN__DUPLICATE_METHOD_MATCH = YES;
				CODE_SIGN_IDENTITY = "iPhone Developer";
				COPY_PHASE_STRIP = NO;
				DEBUG_INFORMATION_FORMAT = dwarf;
				ENABLE_STRICT_OBJC_MSGSEND = YES;
				ENABLE_TESTABILITY = YES;
				GCC_C_LANGUAGE_STANDARD = gnu11;
				GCC_DYNAMIC_NO_PIC = NO;
				GCC_NO_COMMON_BLOCKS = YES;
				GCC_OPTIMIZATION_LEVEL = 0;
				GCC_PREPROCESSOR_DEFINITIONS = (
					"DEBUG=1",
					"$(inherited)",
				);
				GCC_WARN_64_TO_32_BIT_CONVERSION = YES;
				GCC_WARN_ABOUT_RETURN_TYPE = YES_ERROR;
				GCC_WARN_UNDECLARED_SELECTOR = YES;
				GCC_WARN_UNINITIALIZED_AUTOS = YES_AGGRESSIVE;
				GCC_WARN_UNUSED_FUNCTION = YES;
				GCC_WARN_UNUSED_VARIABLE = YES;
				IPHONEOS_DEPLOYMENT_TARGET = 12.0;
				MTL_ENABLE_DEBUG_INFO = INCLUDE_SOURCE;
				MTL_FAST_MATH = YES;
				ONLY_ACTIVE_ARCH = YES;
				SDKROOT = iphoneos;
				SWIFT_ACTIVE_COMPILATION_CONDITIONS = DEBUG;
				SWIFT_OPTIMIZATION_LEVEL = "-Onone";
			};
			name = Debug;
		};
		6D209AE02159DD8F00F7D4D4 /* Release */ = {
			isa = XCBuildConfiguration;
			buildSettings = {
				ALWAYS_SEARCH_USER_PATHS = NO;
				CLANG_ANALYZER_NONNULL = YES;
				CLANG_ANALYZER_NUMBER_OBJECT_CONVERSION = YES_AGGRESSIVE;
				CLANG_CXX_LANGUAGE_STANDARD = "gnu++14";
				CLANG_CXX_LIBRARY = "libc++";
				CLANG_ENABLE_MODULES = YES;
				CLANG_ENABLE_OBJC_ARC = YES;
				CLANG_ENABLE_OBJC_WEAK = YES;
				CLANG_WARN_BLOCK_CAPTURE_AUTORELEASING = YES;
				CLANG_WARN_BOOL_CONVERSION = YES;
				CLANG_WARN_COMMA = YES;
				CLANG_WARN_CONSTANT_CONVERSION = YES;
				CLANG_WARN_DEPRECATED_OBJC_IMPLEMENTATIONS = YES;
				CLANG_WARN_DIRECT_OBJC_ISA_USAGE = YES_ERROR;
				CLANG_WARN_DOCUMENTATION_COMMENTS = YES;
				CLANG_WARN_EMPTY_BODY = YES;
				CLANG_WARN_ENUM_CONVERSION = YES;
				CLANG_WARN_INFINITE_RECURSION = YES;
				CLANG_WARN_INT_CONVERSION = YES;
				CLANG_WARN_NON_LITERAL_NULL_CONVERSION = YES;
				CLANG_WARN_OBJC_IMPLICIT_RETAIN_SELF = YES;
				CLANG_WARN_OBJC_LITERAL_CONVERSION = YES;
				CLANG_WARN_OBJC_ROOT_CLASS = YES_ERROR;
				CLANG_WARN_RANGE_LOOP_ANALYSIS = YES;
				CLANG_WARN_STRICT_PROTOTYPES = YES;
				CLANG_WARN_SUSPICIOUS_MOVE = YES;
				CLANG_WARN_UNGUARDED_AVAILABILITY = YES_AGGRESSIVE;
				CLANG_WARN_UNREACHABLE_CODE = YES;
				CLANG_WARN__DUPLICATE_METHOD_MATCH = YES;
				CODE_SIGN_IDENTITY = "iPhone Developer";
				COPY_PHASE_STRIP = NO;
				DEBUG_INFORMATION_FORMAT = "dwarf-with-dsym";
				ENABLE_NS_ASSERTIONS = NO;
				ENABLE_STRICT_OBJC_MSGSEND = YES;
				GCC_C_LANGUAGE_STANDARD = gnu11;
				GCC_NO_COMMON_BLOCKS = YES;
				GCC_WARN_64_TO_32_BIT_CONVERSION = YES;
				GCC_WARN_ABOUT_RETURN_TYPE = YES_ERROR;
				GCC_WARN_UNDECLARED_SELECTOR = YES;
				GCC_WARN_UNINITIALIZED_AUTOS = YES_AGGRESSIVE;
				GCC_WARN_UNUSED_FUNCTION = YES;
				GCC_WARN_UNUSED_VARIABLE = YES;
				IPHONEOS_DEPLOYMENT_TARGET = 12.0;
				MTL_ENABLE_DEBUG_INFO = NO;
				MTL_FAST_MATH = YES;
				SDKROOT = iphoneos;
				SWIFT_COMPILATION_MODE = wholemodule;
				SWIFT_OPTIMIZATION_LEVEL = "-O";
				VALIDATE_PRODUCT = YES;
			};
			name = Release;
		};
		6D209AE22159DD8F00F7D4D4 /* Debug */ = {
			isa = XCBuildConfiguration;
			baseConfigurationReference = A2300466B19118FEB9B3F66E /* Pods-FluxPatternExample.debug.xcconfig */;
			buildSettings = {
				ASSETCATALOG_COMPILER_APPICON_NAME = AppIcon;
				CODE_SIGN_STYLE = Automatic;
				DEVELOPMENT_TEAM = 9XZ5R7VS83;
				INFOPLIST_FILE = FluxPatternExample/Info.plist;
				LD_RUNPATH_SEARCH_PATHS = (
					"$(inherited)",
					"@executable_path/Frameworks",
				);
				OTHER_SWIFT_FLAGS = "$(inherited) \"-D\" \"COCOAPODS\" \"-D\" \"TRACE_RESOURCES\"";
				PRODUCT_BUNDLE_IDENTIFIER = com.example.FluxPatternExample;
				PRODUCT_NAME = "$(TARGET_NAME)";
				SWIFT_VERSION = 4.0;
				TARGETED_DEVICE_FAMILY = "1,2";
			};
			name = Debug;
		};
		6D209AE32159DD8F00F7D4D4 /* Release */ = {
			isa = XCBuildConfiguration;
			baseConfigurationReference = 4C369B084A55A491E7BA107D /* Pods-FluxPatternExample.release.xcconfig */;
			buildSettings = {
				ASSETCATALOG_COMPILER_APPICON_NAME = AppIcon;
				CODE_SIGN_STYLE = Automatic;
				DEVELOPMENT_TEAM = 9XZ5R7VS83;
				INFOPLIST_FILE = FluxPatternExample/Info.plist;
				LD_RUNPATH_SEARCH_PATHS = (
					"$(inherited)",
					"@executable_path/Frameworks",
				);
				PRODUCT_BUNDLE_IDENTIFIER = com.example.FluxPatternExample;
				PRODUCT_NAME = "$(TARGET_NAME)";
				SWIFT_VERSION = 4.0;
				TARGETED_DEVICE_FAMILY = "1,2";
			};
			name = Release;
		};
/* End XCBuildConfiguration section */

/* Begin XCConfigurationList section */
		6D209ACA2159DD8E00F7D4D4 /* Build configuration list for PBXProject "FluxPatternExample" */ = {
			isa = XCConfigurationList;
			buildConfigurations = (
				6D209ADF2159DD8F00F7D4D4 /* Debug */,
				6D209AE02159DD8F00F7D4D4 /* Release */,
			);
			defaultConfigurationIsVisible = 0;
			defaultConfigurationName = Release;
		};
		6D209AE12159DD8F00F7D4D4 /* Build configuration list for PBXNativeTarget "FluxPatternExample" */ = {
			isa = XCConfigurationList;
			buildConfigurations = (
				6D209AE22159DD8F00F7D4D4 /* Debug */,
				6D209AE32159DD8F00F7D4D4 /* Release */,
			);
			defaultConfigurationIsVisible = 0;
			defaultConfigurationName = Release;
		};
/* End XCConfigurationList section */
	};
	rootObject = 6D209AC72159DD8E00F7D4D4 /* Project object */;
}
